
Microsoft Visual Studio Solution File, Format Version 12.00
# Visual Studio Version 16
VisualStudioVersion = 16.0.31729.503
MinimumVisualStudioVersion = 10.0.40219.1
Project("{9092AA53-FB77-4645-B42D-1CCCA6BD08BD}") = "bc_shutdown", "bc_shutdown\bc_shutdown.njsproj", "{01421E28-F77E-4E21-A29D-172F32C9D9D6}"
EndProject
Global
	GlobalSection(SolutionConfigurationPlatforms) = preSolution
		Debug|Any CPU = Debug|Any CPU
		Release|Any CPU = Release|Any CPU
	EndGlobalSection
	GlobalSection(ProjectConfigurationPlatforms) = postSolution
		{01421E28-F77E-4E21-A29D-172F32C9D9D6}.Debug|Any CPU.ActiveCfg = Debug|Any CPU
		{01421E28-F77E-4E21-A29D-172F32C9D9D6}.Debug|Any CPU.Build.0 = Debug|Any CPU
		{01421E28-F77E-4E21-A29D-172F32C9D9D6}.Release|Any CPU.ActiveCfg = Release|Any CPU
		{01421E28-F77E-4E21-A29D-172F32C9D9D6}.Release|Any CPU.Build.0 = Release|Any CPU
	EndGlobalSection
	GlobalSection(SolutionProperties) = preSolution
		HideSolutionNode = FALSE
	EndGlobalSection
	GlobalSection(ExtensibilityGlobals) = postSolution
		SolutionGuid = {9891F700-E5B9-4950-9EF1-354BEAE3A7B3}
	EndGlobalSection
EndGlobal
